
Microsoft Visual Studio Solution File, Format Version 12.00
# Visual Studio Version 16
VisualStudioVersion = 16.0.29613.14
MinimumVisualStudioVersion = 10.0.40219.1
Project("{2150E333-8FDC-42A3-9474-1A3956D46DE8}") = "Solution Items", "Solution Items", "{5E722984-879F-470E-AAF4-4484CC264BC5}"
	ProjectSection(SolutionItems) = preProject
		.editorconfig = .editorconfig
		Source\Common\GlobalSuppressions.cs = Source\Common\GlobalSuppressions.cs
		Notes.txt = Notes.txt
		stylecop.json = stylecop.json
		Tips and tricks.txt = Tips and tricks.txt
	EndProjectSection
EndProject
Project("{FAE04EC0-301F-11D3-BF4B-00C04F79EFBC}") = "MUnit.TestAdapter", "MUnit.TestAdapter\MUnit.TestAdapter.csproj", "{B0C972B5-B172-4772-B187-418433EEB3A6}"
EndProject
Project("{911E67C6-3D85-4FCE-B560-20A9C3E3FF48}") = "RimWorldWin64", "G:\SteamLibrary\steamapps\common\RimWorld\RimWorldWin64.exe", "{621352E6-1B57-403F-9D98-70B25385A30D}"
	ProjectSection(DebuggerProjectSystem) = preProject
		PortSupplier = 00000000-0000-0000-0000-000000000000
		Executable = G:\SteamLibrary\steamapps\common\RimWorld\RimWorldWin64.exe
		RemoteMachine = DESKTOP-WDHELIX
		StartingDirectory = G:\SteamLibrary\steamapps\common\RimWorld
		Arguments = -quicktest
		Environment = dnspy_unity_dbg2=--debugger-agent=transport=dt_socket,server=y,address=127.0.0.1:56000,suspend=y,no-hide-debugger	
		LaunchingEngine = 00000000-0000-0000-0000-000000000000
		UseLegacyDebugEngines = No
		LaunchSQLEngine = No
		AttachLaunchAction = No
	EndProjectSection
EndProject
Project("{2150E333-8FDC-42A3-9474-1A3956D46DE8}") = "V1.1", "V1.1", "{86D1DA53-63DD-4447-BF71-5ABEAD4EF11B}"
EndProject
Project("{2150E333-8FDC-42A3-9474-1A3956D46DE8}") = "test", "test", "{0CC3D322-BD21-4D8E-8090-8C7D95130790}"
EndProject
Project("{2150E333-8FDC-42A3-9474-1A3956D46DE8}") = "Common", "Common", "{BB951B99-2E20-44F5-95EE-8E71747B4A5F}"
EndProject
Project("{FAE04EC0-301F-11D3-BF4B-00C04F79EFBC}") = "Common", "Source\V1.1\Common\Common.csproj", "{6629105C-6BED-491B-A49A-EB12B0710CF3}"
EndProject
Project("{FAE04EC0-301F-11D3-BF4B-00C04F79EFBC}") = "RPG_Inventory_Remake", "Source\V1.1\RPG_Inventory_Remake\RPG_Inventory_Remake.csproj", "{9C99FF79-7175-48EC-A407-9D72950F2BC4}"
EndProject
Project("{FAE04EC0-301F-11D3-BF4B-00C04F79EFBC}") = "RPG_Inventory_Remake_CE", "Source\V1.1\RPG_Inventory_Remake_CE\RPG_Inventory_Remake_CE.csproj", "{7ED523E4-9562-42CD-8099-1546A3FD5E7A}"
EndProject
Project("{FAE04EC0-301F-11D3-BF4B-00C04F79EFBC}") = "RPG_Inventory_Remake.Tests", "Source\V1.1\RPG_Inventory_Remake.Tests\RPG_Inventory_Remake.Tests.csproj", "{7D704101-A9BB-4FE2-85DD-6E31FDC65C84}"
EndProject
Global
	GlobalSection(SolutionConfigurationPlatforms) = preSolution
		CE Build|Any CPU = CE Build|Any CPU
		CE Build|x64 = CE Build|x64
		CE Build|x86 = CE Build|x86
		Debug|Any CPU = Debug|Any CPU
		Debug|x64 = Debug|x64
		Debug|x86 = Debug|x86
		Release|Any CPU = Release|Any CPU
		Release|x64 = Release|x64
		Release|x86 = Release|x86
		Test|Any CPU = Test|Any CPU
		Test|x64 = Test|x64
		Test|x86 = Test|x86
		UnityTest|Any CPU = UnityTest|Any CPU
		UnityTest|x64 = UnityTest|x64
		UnityTest|x86 = UnityTest|x86
		Vanilla Build|Any CPU = Vanilla Build|Any CPU
		Vanilla Build|x64 = Vanilla Build|x64
		Vanilla Build|x86 = Vanilla Build|x86
	EndGlobalSection
	GlobalSection(ProjectConfigurationPlatforms) = postSolution
		{B0C972B5-B172-4772-B187-418433EEB3A6}.CE Build|Any CPU.ActiveCfg = Release|Any CPU
		{B0C972B5-B172-4772-B187-418433EEB3A6}.CE Build|Any CPU.Build.0 = Release|Any CPU
		{B0C972B5-B172-4772-B187-418433EEB3A6}.CE Build|x64.ActiveCfg = Release|Any CPU
		{B0C972B5-B172-4772-B187-418433EEB3A6}.CE Build|x64.Build.0 = Release|Any CPU
		{B0C972B5-B172-4772-B187-418433EEB3A6}.CE Build|x86.ActiveCfg = Release|Any CPU
		{B0C972B5-B172-4772-B187-418433EEB3A6}.CE Build|x86.Build.0 = Release|Any CPU
		{B0C972B5-B172-4772-B187-418433EEB3A6}.Debug|Any CPU.ActiveCfg = Debug|Any CPU
		{B0C972B5-B172-4772-B187-418433EEB3A6}.Debug|x64.ActiveCfg = Debug|Any CPU
		{B0C972B5-B172-4772-B187-418433EEB3A6}.Debug|x64.Build.0 = Debug|Any CPU
		{B0C972B5-B172-4772-B187-418433EEB3A6}.Debug|x86.ActiveCfg = Debug|Any CPU
		{B0C972B5-B172-4772-B187-418433EEB3A6}.Debug|x86.Build.0 = Debug|Any CPU
		{B0C972B5-B172-4772-B187-418433EEB3A6}.Release|Any CPU.ActiveCfg = Release|Any CPU
		{B0C972B5-B172-4772-B187-418433EEB3A6}.Release|Any CPU.Build.0 = Release|Any CPU
		{B0C972B5-B172-4772-B187-418433EEB3A6}.Release|x64.ActiveCfg = Release|Any CPU
		{B0C972B5-B172-4772-B187-418433EEB3A6}.Release|x64.Build.0 = Release|Any CPU
		{B0C972B5-B172-4772-B187-418433EEB3A6}.Release|x86.ActiveCfg = Release|Any CPU
		{B0C972B5-B172-4772-B187-418433EEB3A6}.Release|x86.Build.0 = Release|Any CPU
		{B0C972B5-B172-4772-B187-418433EEB3A6}.Test|Any CPU.ActiveCfg = Release|Any CPU
		{B0C972B5-B172-4772-B187-418433EEB3A6}.Test|Any CPU.Build.0 = Release|Any CPU
		{B0C972B5-B172-4772-B187-418433EEB3A6}.Test|x64.ActiveCfg = Release|Any CPU
		{B0C972B5-B172-4772-B187-418433EEB3A6}.Test|x64.Build.0 = Release|Any CPU
		{B0C972B5-B172-4772-B187-418433EEB3A6}.Test|x86.ActiveCfg = Release|Any CPU
		{B0C972B5-B172-4772-B187-418433EEB3A6}.Test|x86.Build.0 = Release|Any CPU
		{B0C972B5-B172-4772-B187-418433EEB3A6}.UnityTest|Any CPU.ActiveCfg = Release|Any CPU
		{B0C972B5-B172-4772-B187-418433EEB3A6}.UnityTest|Any CPU.Build.0 = Release|Any CPU
		{B0C972B5-B172-4772-B187-418433EEB3A6}.UnityTest|x64.ActiveCfg = Release|Any CPU
		{B0C972B5-B172-4772-B187-418433EEB3A6}.UnityTest|x64.Build.0 = Release|Any CPU
		{B0C972B5-B172-4772-B187-418433EEB3A6}.UnityTest|x86.ActiveCfg = Release|Any CPU
		{B0C972B5-B172-4772-B187-418433EEB3A6}.UnityTest|x86.Build.0 = Release|Any CPU
		{B0C972B5-B172-4772-B187-418433EEB3A6}.Vanilla Build|Any CPU.ActiveCfg = Release|Any CPU
		{B0C972B5-B172-4772-B187-418433EEB3A6}.Vanilla Build|x64.ActiveCfg = Release|Any CPU
		{B0C972B5-B172-4772-B187-418433EEB3A6}.Vanilla Build|x64.Build.0 = Release|Any CPU
		{B0C972B5-B172-4772-B187-418433EEB3A6}.Vanilla Build|x86.ActiveCfg = Release|Any CPU
		{B0C972B5-B172-4772-B187-418433EEB3A6}.Vanilla Build|x86.Build.0 = Release|Any CPU
		{621352E6-1B57-403F-9D98-70B25385A30D}.CE Build|Any CPU.ActiveCfg = Release|x64
		{621352E6-1B57-403F-9D98-70B25385A30D}.CE Build|x64.ActiveCfg = Release|x64
		{621352E6-1B57-403F-9D98-70B25385A30D}.CE Build|x86.ActiveCfg = Release|x64
		{621352E6-1B57-403F-9D98-70B25385A30D}.Debug|Any CPU.ActiveCfg = Release|x64
		{621352E6-1B57-403F-9D98-70B25385A30D}.Debug|x64.ActiveCfg = Release|x64
		{621352E6-1B57-403F-9D98-70B25385A30D}.Debug|x86.ActiveCfg = Release|x64
		{621352E6-1B57-403F-9D98-70B25385A30D}.Release|Any CPU.ActiveCfg = Release|x64
		{621352E6-1B57-403F-9D98-70B25385A30D}.Release|x64.ActiveCfg = Release|x64
		{621352E6-1B57-403F-9D98-70B25385A30D}.Release|x86.ActiveCfg = Release|x64
		{621352E6-1B57-403F-9D98-70B25385A30D}.Test|Any CPU.ActiveCfg = Release|x64
		{621352E6-1B57-403F-9D98-70B25385A30D}.Test|x64.ActiveCfg = Release|x64
		{621352E6-1B57-403F-9D98-70B25385A30D}.Test|x86.ActiveCfg = Release|x64
		{621352E6-1B57-403F-9D98-70B25385A30D}.UnityTest|Any CPU.ActiveCfg = Release|x64
		{621352E6-1B57-403F-9D98-70B25385A30D}.UnityTest|x64.ActiveCfg = Release|x64
		{621352E6-1B57-403F-9D98-70B25385A30D}.UnityTest|x86.ActiveCfg = Release|x64
		{621352E6-1B57-403F-9D98-70B25385A30D}.Vanilla Build|Any CPU.ActiveCfg = Release|x64
		{621352E6-1B57-403F-9D98-70B25385A30D}.Vanilla Build|x64.ActiveCfg = Release|x64
		{621352E6-1B57-403F-9D98-70B25385A30D}.Vanilla Build|x86.ActiveCfg = Release|x64
		{6629105C-6BED-491B-A49A-EB12B0710CF3}.CE Build|Any CPU.ActiveCfg = CE Build|Any CPU
		{6629105C-6BED-491B-A49A-EB12B0710CF3}.CE Build|Any CPU.Build.0 = CE Build|Any CPU
		{6629105C-6BED-491B-A49A-EB12B0710CF3}.CE Build|x64.ActiveCfg = CE Build|Any CPU
		{6629105C-6BED-491B-A49A-EB12B0710CF3}.CE Build|x64.Build.0 = CE Build|Any CPU
		{6629105C-6BED-491B-A49A-EB12B0710CF3}.CE Build|x86.ActiveCfg = CE Build|Any CPU
		{6629105C-6BED-491B-A49A-EB12B0710CF3}.CE Build|x86.Build.0 = CE Build|Any CPU
		{6629105C-6BED-491B-A49A-EB12B0710CF3}.Debug|Any CPU.ActiveCfg = Debug|Any CPU
		{6629105C-6BED-491B-A49A-EB12B0710CF3}.Debug|Any CPU.Build.0 = Debug|Any CPU
		{6629105C-6BED-491B-A49A-EB12B0710CF3}.Debug|x64.ActiveCfg = Debug|Any CPU
		{6629105C-6BED-491B-A49A-EB12B0710CF3}.Debug|x64.Build.0 = Debug|Any CPU
		{6629105C-6BED-491B-A49A-EB12B0710CF3}.Debug|x86.ActiveCfg = Debug|Any CPU
		{6629105C-6BED-491B-A49A-EB12B0710CF3}.Debug|x86.Build.0 = Debug|Any CPU
		{6629105C-6BED-491B-A49A-EB12B0710CF3}.Release|Any CPU.ActiveCfg = Release|Any CPU
		{6629105C-6BED-491B-A49A-EB12B0710CF3}.Release|Any CPU.Build.0 = Release|Any CPU
		{6629105C-6BED-491B-A49A-EB12B0710CF3}.Release|x64.ActiveCfg = Release|Any CPU
		{6629105C-6BED-491B-A49A-EB12B0710CF3}.Release|x64.Build.0 = Release|Any CPU
		{6629105C-6BED-491B-A49A-EB12B0710CF3}.Release|x86.ActiveCfg = Release|Any CPU
		{6629105C-6BED-491B-A49A-EB12B0710CF3}.Release|x86.Build.0 = Release|Any CPU
		{6629105C-6BED-491B-A49A-EB12B0710CF3}.Test|Any CPU.ActiveCfg = Test|Any CPU
		{6629105C-6BED-491B-A49A-EB12B0710CF3}.Test|Any CPU.Build.0 = Test|Any CPU
		{6629105C-6BED-491B-A49A-EB12B0710CF3}.Test|x64.ActiveCfg = Test|Any CPU
		{6629105C-6BED-491B-A49A-EB12B0710CF3}.Test|x64.Build.0 = Test|Any CPU
		{6629105C-6BED-491B-A49A-EB12B0710CF3}.Test|x86.ActiveCfg = Test|Any CPU
		{6629105C-6BED-491B-A49A-EB12B0710CF3}.Test|x86.Build.0 = Test|Any CPU
		{6629105C-6BED-491B-A49A-EB12B0710CF3}.UnityTest|Any CPU.ActiveCfg = UnityTest|Any CPU
		{6629105C-6BED-491B-A49A-EB12B0710CF3}.UnityTest|Any CPU.Build.0 = UnityTest|Any CPU
		{6629105C-6BED-491B-A49A-EB12B0710CF3}.UnityTest|x64.ActiveCfg = UnityTest|Any CPU
		{6629105C-6BED-491B-A49A-EB12B0710CF3}.UnityTest|x64.Build.0 = UnityTest|Any CPU
		{6629105C-6BED-491B-A49A-EB12B0710CF3}.UnityTest|x86.ActiveCfg = UnityTest|Any CPU
		{6629105C-6BED-491B-A49A-EB12B0710CF3}.UnityTest|x86.Build.0 = UnityTest|Any CPU
		{6629105C-6BED-491B-A49A-EB12B0710CF3}.Vanilla Build|Any CPU.ActiveCfg = Vanilla Build|Any CPU
		{6629105C-6BED-491B-A49A-EB12B0710CF3}.Vanilla Build|Any CPU.Build.0 = Vanilla Build|Any CPU
		{6629105C-6BED-491B-A49A-EB12B0710CF3}.Vanilla Build|x64.ActiveCfg = Vanilla Build|Any CPU
		{6629105C-6BED-491B-A49A-EB12B0710CF3}.Vanilla Build|x64.Build.0 = Vanilla Build|Any CPU
		{6629105C-6BED-491B-A49A-EB12B0710CF3}.Vanilla Build|x86.ActiveCfg = Vanilla Build|Any CPU
		{6629105C-6BED-491B-A49A-EB12B0710CF3}.Vanilla Build|x86.Build.0 = Vanilla Build|Any CPU
		{9C99FF79-7175-48EC-A407-9D72950F2BC4}.CE Build|Any CPU.ActiveCfg = CE Build|Any CPU
		{9C99FF79-7175-48EC-A407-9D72950F2BC4}.CE Build|Any CPU.Build.0 = CE Build|Any CPU
		{9C99FF79-7175-48EC-A407-9D72950F2BC4}.CE Build|x64.ActiveCfg = CE Build|Any CPU
		{9C99FF79-7175-48EC-A407-9D72950F2BC4}.CE Build|x64.Build.0 = CE Build|Any CPU
		{9C99FF79-7175-48EC-A407-9D72950F2BC4}.CE Build|x86.ActiveCfg = CE Build|Any CPU
		{9C99FF79-7175-48EC-A407-9D72950F2BC4}.CE Build|x86.Build.0 = CE Build|Any CPU
		{9C99FF79-7175-48EC-A407-9D72950F2BC4}.Debug|Any CPU.ActiveCfg = Debug|Any CPU
		{9C99FF79-7175-48EC-A407-9D72950F2BC4}.Debug|Any CPU.Build.0 = Debug|Any CPU
		{9C99FF79-7175-48EC-A407-9D72950F2BC4}.Debug|x64.ActiveCfg = Debug|Any CPU
		{9C99FF79-7175-48EC-A407-9D72950F2BC4}.Debug|x64.Build.0 = Debug|Any CPU
		{9C99FF79-7175-48EC-A407-9D72950F2BC4}.Debug|x86.ActiveCfg = Debug|Any CPU
		{9C99FF79-7175-48EC-A407-9D72950F2BC4}.Debug|x86.Build.0 = Debug|Any CPU
		{9C99FF79-7175-48EC-A407-9D72950F2BC4}.Release|Any CPU.ActiveCfg = Release|Any CPU
		{9C99FF79-7175-48EC-A407-9D72950F2BC4}.Release|Any CPU.Build.0 = Release|Any CPU
		{9C99FF79-7175-48EC-A407-9D72950F2BC4}.Release|x64.ActiveCfg = Release|Any CPU
		{9C99FF79-7175-48EC-A407-9D72950F2BC4}.Release|x64.Build.0 = Release|Any CPU
		{9C99FF79-7175-48EC-A407-9D72950F2BC4}.Release|x86.ActiveCfg = Release|Any CPU
		{9C99FF79-7175-48EC-A407-9D72950F2BC4}.Release|x86.Build.0 = Release|Any CPU
		{9C99FF79-7175-48EC-A407-9D72950F2BC4}.Test|Any CPU.ActiveCfg = Test|Any CPU
		{9C99FF79-7175-48EC-A407-9D72950F2BC4}.Test|Any CPU.Build.0 = Test|Any CPU
		{9C99FF79-7175-48EC-A407-9D72950F2BC4}.Test|x64.ActiveCfg = Test|Any CPU
		{9C99FF79-7175-48EC-A407-9D72950F2BC4}.Test|x64.Build.0 = Test|Any CPU
		{9C99FF79-7175-48EC-A407-9D72950F2BC4}.Test|x86.ActiveCfg = Test|Any CPU
		{9C99FF79-7175-48EC-A407-9D72950F2BC4}.Test|x86.Build.0 = Test|Any CPU
		{9C99FF79-7175-48EC-A407-9D72950F2BC4}.UnityTest|Any CPU.ActiveCfg = UnityTest|Any CPU
		{9C99FF79-7175-48EC-A407-9D72950F2BC4}.UnityTest|Any CPU.Build.0 = UnityTest|Any CPU
		{9C99FF79-7175-48EC-A407-9D72950F2BC4}.UnityTest|x64.ActiveCfg = UnityTest|Any CPU
		{9C99FF79-7175-48EC-A407-9D72950F2BC4}.UnityTest|x64.Build.0 = UnityTest|Any CPU
		{9C99FF79-7175-48EC-A407-9D72950F2BC4}.UnityTest|x86.ActiveCfg = UnityTest|Any CPU
		{9C99FF79-7175-48EC-A407-9D72950F2BC4}.UnityTest|x86.Build.0 = UnityTest|Any CPU
		{9C99FF79-7175-48EC-A407-9D72950F2BC4}.Vanilla Build|Any CPU.ActiveCfg = Vanilla Build|Any CPU
		{9C99FF79-7175-48EC-A407-9D72950F2BC4}.Vanilla Build|Any CPU.Build.0 = Vanilla Build|Any CPU
		{9C99FF79-7175-48EC-A407-9D72950F2BC4}.Vanilla Build|x64.ActiveCfg = Vanilla Build|Any CPU
		{9C99FF79-7175-48EC-A407-9D72950F2BC4}.Vanilla Build|x64.Build.0 = Vanilla Build|Any CPU
		{9C99FF79-7175-48EC-A407-9D72950F2BC4}.Vanilla Build|x86.ActiveCfg = Vanilla Build|Any CPU
		{9C99FF79-7175-48EC-A407-9D72950F2BC4}.Vanilla Build|x86.Build.0 = Vanilla Build|Any CPU
		{7ED523E4-9562-42CD-8099-1546A3FD5E7A}.CE Build|Any CPU.ActiveCfg = CE Build|Any CPU
		{7ED523E4-9562-42CD-8099-1546A3FD5E7A}.CE Build|Any CPU.Build.0 = CE Build|Any CPU
		{7ED523E4-9562-42CD-8099-1546A3FD5E7A}.CE Build|x64.ActiveCfg = CE Build|Any CPU
		{7ED523E4-9562-42CD-8099-1546A3FD5E7A}.CE Build|x64.Build.0 = CE Build|Any CPU
		{7ED523E4-9562-42CD-8099-1546A3FD5E7A}.CE Build|x86.ActiveCfg = CE Build|Any CPU
		{7ED523E4-9562-42CD-8099-1546A3FD5E7A}.CE Build|x86.Build.0 = CE Build|Any CPU
		{7ED523E4-9562-42CD-8099-1546A3FD5E7A}.Debug|Any CPU.ActiveCfg = Debug|Any CPU
		{7ED523E4-9562-42CD-8099-1546A3FD5E7A}.Debug|Any CPU.Build.0 = Debug|Any CPU
		{7ED523E4-9562-42CD-8099-1546A3FD5E7A}.Debug|x64.ActiveCfg = Debug|Any CPU
		{7ED523E4-9562-42CD-8099-1546A3FD5E7A}.Debug|x64.Build.0 = Debug|Any CPU
		{7ED523E4-9562-42CD-8099-1546A3FD5E7A}.Debug|x86.ActiveCfg = Debug|Any CPU
		{7ED523E4-9562-42CD-8099-1546A3FD5E7A}.Debug|x86.Build.0 = Debug|Any CPU
		{7ED523E4-9562-42CD-8099-1546A3FD5E7A}.Release|Any CPU.ActiveCfg = Release|Any CPU
		{7ED523E4-9562-42CD-8099-1546A3FD5E7A}.Release|Any CPU.Build.0 = Release|Any CPU
		{7ED523E4-9562-42CD-8099-1546A3FD5E7A}.Release|x64.ActiveCfg = Release|Any CPU
		{7ED523E4-9562-42CD-8099-1546A3FD5E7A}.Release|x64.Build.0 = Release|Any CPU
		{7ED523E4-9562-42CD-8099-1546A3FD5E7A}.Release|x86.ActiveCfg = Release|Any CPU
		{7ED523E4-9562-42CD-8099-1546A3FD5E7A}.Release|x86.Build.0 = Release|Any CPU
		{7ED523E4-9562-42CD-8099-1546A3FD5E7A}.Test|Any CPU.ActiveCfg = Test|Any CPU
		{7ED523E4-9562-42CD-8099-1546A3FD5E7A}.Test|Any CPU.Build.0 = Test|Any CPU
		{7ED523E4-9562-42CD-8099-1546A3FD5E7A}.Test|x64.ActiveCfg = Test|Any CPU
		{7ED523E4-9562-42CD-8099-1546A3FD5E7A}.Test|x64.Build.0 = Test|Any CPU
		{7ED523E4-9562-42CD-8099-1546A3FD5E7A}.Test|x86.ActiveCfg = Test|Any CPU
		{7ED523E4-9562-42CD-8099-1546A3FD5E7A}.Test|x86.Build.0 = Test|Any CPU
		{7ED523E4-9562-42CD-8099-1546A3FD5E7A}.UnityTest|Any CPU.ActiveCfg = UnityTest|Any CPU
		{7ED523E4-9562-42CD-8099-1546A3FD5E7A}.UnityTest|Any CPU.Build.0 = UnityTest|Any CPU
		{7ED523E4-9562-42CD-8099-1546A3FD5E7A}.UnityTest|x64.ActiveCfg = UnityTest|Any CPU
		{7ED523E4-9562-42CD-8099-1546A3FD5E7A}.UnityTest|x64.Build.0 = UnityTest|Any CPU
		{7ED523E4-9562-42CD-8099-1546A3FD5E7A}.UnityTest|x86.ActiveCfg = UnityTest|Any CPU
		{7ED523E4-9562-42CD-8099-1546A3FD5E7A}.UnityTest|x86.Build.0 = UnityTest|Any CPU
		{7ED523E4-9562-42CD-8099-1546A3FD5E7A}.Vanilla Build|Any CPU.ActiveCfg = Vanilla Build|Any CPU
		{7ED523E4-9562-42CD-8099-1546A3FD5E7A}.Vanilla Build|Any CPU.Build.0 = Vanilla Build|Any CPU
		{7ED523E4-9562-42CD-8099-1546A3FD5E7A}.Vanilla Build|x64.ActiveCfg = Vanilla Build|Any CPU
		{7ED523E4-9562-42CD-8099-1546A3FD5E7A}.Vanilla Build|x64.Build.0 = Vanilla Build|Any CPU
		{7ED523E4-9562-42CD-8099-1546A3FD5E7A}.Vanilla Build|x86.ActiveCfg = Vanilla Build|Any CPU
		{7ED523E4-9562-42CD-8099-1546A3FD5E7A}.Vanilla Build|x86.Build.0 = Vanilla Build|Any CPU
		{7D704101-A9BB-4FE2-85DD-6E31FDC65C84}.CE Build|Any CPU.ActiveCfg = UnityTest|Any CPU
		{7D704101-A9BB-4FE2-85DD-6E31FDC65C84}.CE Build|Any CPU.Build.0 = UnityTest|Any CPU
		{7D704101-A9BB-4FE2-85DD-6E31FDC65C84}.CE Build|x64.ActiveCfg = UnityTest|Any CPU
		{7D704101-A9BB-4FE2-85DD-6E31FDC65C84}.CE Build|x64.Build.0 = UnityTest|Any CPU
		{7D704101-A9BB-4FE2-85DD-6E31FDC65C84}.CE Build|x86.ActiveCfg = UnityTest|Any CPU
		{7D704101-A9BB-4FE2-85DD-6E31FDC65C84}.CE Build|x86.Build.0 = UnityTest|Any CPU
		{7D704101-A9BB-4FE2-85DD-6E31FDC65C84}.Debug|Any CPU.ActiveCfg = Debug|Any CPU
		{7D704101-A9BB-4FE2-85DD-6E31FDC65C84}.Debug|Any CPU.Build.0 = Debug|Any CPU
		{7D704101-A9BB-4FE2-85DD-6E31FDC65C84}.Debug|x64.ActiveCfg = Debug|Any CPU
		{7D704101-A9BB-4FE2-85DD-6E31FDC65C84}.Debug|x64.Build.0 = Debug|Any CPU
		{7D704101-A9BB-4FE2-85DD-6E31FDC65C84}.Debug|x86.ActiveCfg = Debug|Any CPU
		{7D704101-A9BB-4FE2-85DD-6E31FDC65C84}.Debug|x86.Build.0 = Debug|Any CPU
		{7D704101-A9BB-4FE2-85DD-6E31FDC65C84}.Release|Any CPU.ActiveCfg = Release|Any CPU
		{7D704101-A9BB-4FE2-85DD-6E31FDC65C84}.Release|Any CPU.Build.0 = Release|Any CPU
		{7D704101-A9BB-4FE2-85DD-6E31FDC65C84}.Release|x64.ActiveCfg = Release|Any CPU
		{7D704101-A9BB-4FE2-85DD-6E31FDC65C84}.Release|x64.Build.0 = Release|Any CPU
		{7D704101-A9BB-4FE2-85DD-6E31FDC65C84}.Release|x86.ActiveCfg = Release|Any CPU
		{7D704101-A9BB-4FE2-85DD-6E31FDC65C84}.Release|x86.Build.0 = Release|Any CPU
		{7D704101-A9BB-4FE2-85DD-6E31FDC65C84}.Test|Any CPU.ActiveCfg = Test|Any CPU
		{7D704101-A9BB-4FE2-85DD-6E31FDC65C84}.Test|Any CPU.Build.0 = Test|Any CPU
		{7D704101-A9BB-4FE2-85DD-6E31FDC65C84}.Test|x64.ActiveCfg = Test|Any CPU
		{7D704101-A9BB-4FE2-85DD-6E31FDC65C84}.Test|x64.Build.0 = Test|Any CPU
		{7D704101-A9BB-4FE2-85DD-6E31FDC65C84}.Test|x86.ActiveCfg = Test|Any CPU
		{7D704101-A9BB-4FE2-85DD-6E31FDC65C84}.Test|x86.Build.0 = Test|Any CPU
		{7D704101-A9BB-4FE2-85DD-6E31FDC65C84}.UnityTest|Any CPU.ActiveCfg = UnityTest|Any CPU
		{7D704101-A9BB-4FE2-85DD-6E31FDC65C84}.UnityTest|Any CPU.Build.0 = UnityTest|Any CPU
		{7D704101-A9BB-4FE2-85DD-6E31FDC65C84}.UnityTest|x64.ActiveCfg = UnityTest|Any CPU
		{7D704101-A9BB-4FE2-85DD-6E31FDC65C84}.UnityTest|x64.Build.0 = UnityTest|Any CPU
		{7D704101-A9BB-4FE2-85DD-6E31FDC65C84}.UnityTest|x86.ActiveCfg = UnityTest|Any CPU
		{7D704101-A9BB-4FE2-85DD-6E31FDC65C84}.UnityTest|x86.Build.0 = UnityTest|Any CPU
		{7D704101-A9BB-4FE2-85DD-6E31FDC65C84}.Vanilla Build|Any CPU.ActiveCfg = UnityTest|Any CPU
		{7D704101-A9BB-4FE2-85DD-6E31FDC65C84}.Vanilla Build|Any CPU.Build.0 = UnityTest|Any CPU
		{7D704101-A9BB-4FE2-85DD-6E31FDC65C84}.Vanilla Build|x64.ActiveCfg = UnityTest|Any CPU
		{7D704101-A9BB-4FE2-85DD-6E31FDC65C84}.Vanilla Build|x64.Build.0 = UnityTest|Any CPU
		{7D704101-A9BB-4FE2-85DD-6E31FDC65C84}.Vanilla Build|x86.ActiveCfg = UnityTest|Any CPU
		{7D704101-A9BB-4FE2-85DD-6E31FDC65C84}.Vanilla Build|x86.Build.0 = UnityTest|Any CPU
	EndGlobalSection
	GlobalSection(SolutionProperties) = preSolution
		HideSolutionNode = FALSE
	EndGlobalSection
	GlobalSection(NestedProjects) = preSolution
		{B0C972B5-B172-4772-B187-418433EEB3A6} = {0CC3D322-BD21-4D8E-8090-8C7D95130790}
		{6629105C-6BED-491B-A49A-EB12B0710CF3} = {86D1DA53-63DD-4447-BF71-5ABEAD4EF11B}
		{9C99FF79-7175-48EC-A407-9D72950F2BC4} = {86D1DA53-63DD-4447-BF71-5ABEAD4EF11B}
		{7ED523E4-9562-42CD-8099-1546A3FD5E7A} = {86D1DA53-63DD-4447-BF71-5ABEAD4EF11B}
		{7D704101-A9BB-4FE2-85DD-6E31FDC65C84} = {0CC3D322-BD21-4D8E-8090-8C7D95130790}
	EndGlobalSection
	GlobalSection(ExtensibilityGlobals) = postSolution
		SolutionGuid = {DF3E1E8A-DA28-4614-BE77-C5C3D6CE2974}
	EndGlobalSection
EndGlobal
